
Microsoft Visual Studio Solution File, Format Version 12.00
# Visual Studio Version 17
VisualStudioVersion = 17.0.32014.148
MinimumVisualStudioVersion = 10.0.40219.1
Project("{FAE04EC0-301F-11D3-BF4B-00C04F79EFBC}") = "SampleAPI", "SampleAPI\SampleAPI.csproj", "{29490A9F-CBD9-4CDA-B0C0-0EFA59030008}"
EndProject
Global
	GlobalSection(SolutionConfigurationPlatforms) = preSolution
		Debug|Any CPU = Debug|Any CPU
		Release|Any CPU = Release|Any CPU
	EndGlobalSection
	GlobalSection(ProjectConfigurationPlatforms) = postSolution
		{29490A9F-CBD9-4CDA-B0C0-0EFA59030008}.Debug|Any CPU.ActiveCfg = Debug|Any CPU
		{29490A9F-CBD9-4CDA-B0C0-0EFA59030008}.Debug|Any CPU.Build.0 = Debug|Any CPU
		{29490A9F-CBD9-4CDA-B0C0-0EFA59030008}.Release|Any CPU.ActiveCfg = Release|Any CPU
		{29490A9F-CBD9-4CDA-B0C0-0EFA59030008}.Release|Any CPU.Build.0 = Release|Any CPU
	EndGlobalSection
	GlobalSection(SolutionProperties) = preSolution
		HideSolutionNode = FALSE
	EndGlobalSection
	GlobalSection(ExtensibilityGlobals) = postSolution
		SolutionGuid = {05C0D03B-2961-4ED6-B792-E9FD35AF69FD}
	EndGlobalSection
EndGlobal
